// !$*UTF8*$!
{
	archiveVersion = 1;
	classes = {
	};
	objectVersion = 55;
	objects = {

/* Begin PBXBuildFile section */
		AA5CA0A7299BD35600984A9C /* PantherApp.swift in Sources */ = {isa = PBXBuildFile; fileRef = AA5CA0A6299BD35600984A9C /* PantherApp.swift */; };
		AA5CA0A9299BD35600984A9C /* ContentView.swift in Sources */ = {isa = PBXBuildFile; fileRef = AA5CA0A8299BD35600984A9C /* ContentView.swift */; };
		AA5CA0AB299BD35800984A9C /* Assets.xcassets in Resources */ = {isa = PBXBuildFile; fileRef = AA5CA0AA299BD35800984A9C /* Assets.xcassets */; };
		AA5CA0AE299BD35800984A9C /* Preview Assets.xcassets in Resources */ = {isa = PBXBuildFile; fileRef = AA5CA0AD299BD35800984A9C /* Preview Assets.xcassets */; };
		AA5CA0B6299BDF7200984A9C /* tips.json in Resources */ = {isa = PBXBuildFile; fileRef = AA5CA0B4299BDF7200984A9C /* tips.json */; };
		AA5CA0B7299BDF7200984A9C /* locations.json in Resources */ = {isa = PBXBuildFile; fileRef = AA5CA0B5299BDF7200984A9C /* locations.json */; };
		AA5CA0B9299CC52C00984A9C /* Location.swift in Sources */ = {isa = PBXBuildFile; fileRef = AA5CA0B8299CC52C00984A9C /* Location.swift */; };
		AA5CA0BB299D983500984A9C /* Locations.swift in Sources */ = {isa = PBXBuildFile; fileRef = AA5CA0BA299D983500984A9C /* Locations.swift */; };
		AA5CA0BD29A1151200984A9C /* WorldView.swift in Sources */ = {isa = PBXBuildFile; fileRef = AA5CA0BC29A1151200984A9C /* WorldView.swift */; };
		AA5CA0BF29A2957500984A9C /* Tip.swift in Sources */ = {isa = PBXBuildFile; fileRef = AA5CA0BE29A2957500984A9C /* Tip.swift */; };
		AA5CA0C129A2963900984A9C /* TipsView.swift in Sources */ = {isa = PBXBuildFile; fileRef = AA5CA0C029A2963900984A9C /* TipsView.swift */; };
/* End PBXBuildFile section */

/* Begin PBXFileReference section */
		AA5CA0A3299BD35600984A9C /* Panther.app */ = {isa = PBXFileReference; explicitFileType = wrapper.application; includeInIndex = 0; path = Panther.app; sourceTree = BUILT_PRODUCTS_DIR; };
		AA5CA0A6299BD35600984A9C /* PantherApp.swift */ = {isa = PBXFileReference; lastKnownFileType = sourcecode.swift; path = PantherApp.swift; sourceTree = "<group>"; };
		AA5CA0A8299BD35600984A9C /* ContentView.swift */ = {isa = PBXFileReference; lastKnownFileType = sourcecode.swift; path = ContentView.swift; sourceTree = "<group>"; };
		AA5CA0AA299BD35800984A9C /* Assets.xcassets */ = {isa = PBXFileReference; lastKnownFileType = folder.assetcatalog; path = Assets.xcassets; sourceTree = "<group>"; };
		AA5CA0AD299BD35800984A9C /* Preview Assets.xcassets */ = {isa = PBXFileReference; lastKnownFileType = folder.assetcatalog; path = "Preview Assets.xcassets"; sourceTree = "<group>"; };
		AA5CA0B4299BDF7200984A9C /* tips.json */ = {isa = PBXFileReference; fileEncoding = 4; lastKnownFileType = text.json; path = tips.json; sourceTree = "<group>"; };
		AA5CA0B5299BDF7200984A9C /* locations.json */ = {isa = PBXFileReference; fileEncoding = 4; lastKnownFileType = text.json; path = locations.json; sourceTree = "<group>"; };
		AA5CA0B8299CC52C00984A9C /* Location.swift */ = {isa = PBXFileReference; lastKnownFileType = sourcecode.swift; path = Location.swift; sourceTree = "<group>"; };
		AA5CA0BA299D983500984A9C /* Locations.swift */ = {isa = PBXFileReference; lastKnownFileType = sourcecode.swift; path = Locations.swift; sourceTree = "<group>"; };
		AA5CA0BC29A1151200984A9C /* WorldView.swift */ = {isa = PBXFileReference; lastKnownFileType = sourcecode.swift; path = WorldView.swift; sourceTree = "<group>"; };
		AA5CA0BE29A2957500984A9C /* Tip.swift */ = {isa = PBXFileReference; lastKnownFileType = sourcecode.swift; path = Tip.swift; sourceTree = "<group>"; };
		AA5CA0C029A2963900984A9C /* TipsView.swift */ = {isa = PBXFileReference; lastKnownFileType = sourcecode.swift; path = TipsView.swift; sourceTree = "<group>"; };
/* End PBXFileReference section */

/* Begin PBXFrameworksBuildPhase section */
		AA5CA0A0299BD35600984A9C /* Frameworks */ = {
			isa = PBXFrameworksBuildPhase;
			buildActionMask = 2147483647;
			files = (
			);
			runOnlyForDeploymentPostprocessing = 0;
		};
/* End PBXFrameworksBuildPhase section */

/* Begin PBXGroup section */
		AA5CA09A299BD35600984A9C = {
			isa = PBXGroup;
			children = (
				AA5CA0A5299BD35600984A9C /* Panther */,
				AA5CA0A4299BD35600984A9C /* Products */,
			);
			sourceTree = "<group>";
		};
		AA5CA0A4299BD35600984A9C /* Products */ = {
			isa = PBXGroup;
			children = (
				AA5CA0A3299BD35600984A9C /* Panther.app */,
			);
			name = Products;
			sourceTree = "<group>";
		};
		AA5CA0A5299BD35600984A9C /* Panther */ = {
			isa = PBXGroup;
			children = (
				AA5CA0A6299BD35600984A9C /* PantherApp.swift */,
				AA5CA0BC29A1151200984A9C /* WorldView.swift */,
				AA5CA0BE29A2957500984A9C /* Tip.swift */,
				AA5CA0C029A2963900984A9C /* TipsView.swift */,
				AA5CA0A8299BD35600984A9C /* ContentView.swift */,
				AA5CA0BA299D983500984A9C /* Locations.swift */,
				AA5CA0B8299CC52C00984A9C /* Location.swift */,
				AA5CA0AA299BD35800984A9C /* Assets.xcassets */,
				AA5CA0B5299BDF7200984A9C /* locations.json */,
				AA5CA0B4299BDF7200984A9C /* tips.json */,
				AA5CA0AC299BD35800984A9C /* Preview Content */,
			);
			path = Panther;
			sourceTree = "<group>";
		};
		AA5CA0AC299BD35800984A9C /* Preview Content */ = {
			isa = PBXGroup;
			children = (
				AA5CA0AD299BD35800984A9C /* Preview Assets.xcassets */,
			);
			path = "Preview Content";
			sourceTree = "<group>";
		};
/* End PBXGroup section */

/* Begin PBXNativeTarget section */
		AA5CA0A2299BD35600984A9C /* Panther */ = {
			isa = PBXNativeTarget;
			buildConfigurationList = AA5CA0B1299BD35800984A9C /* Build configuration list for PBXNativeTarget "Panther" */;
			buildPhases = (
				AA5CA09F299BD35600984A9C /* Sources */,
				AA5CA0A0299BD35600984A9C /* Frameworks */,
				AA5CA0A1299BD35600984A9C /* Resources */,
			);
			buildRules = (
			);
			dependencies = (
			);
			name = Panther;
			productName = Panther;
			productReference = AA5CA0A3299BD35600984A9C /* Panther.app */;
			productType = "com.apple.product-type.application";
		};
/* End PBXNativeTarget section */

/* Begin PBXProject section */
		AA5CA09B299BD35600984A9C /* Project object */ = {
			isa = PBXProject;
			attributes = {
				BuildIndependentTargetsInParallel = 1;
				LastSwiftUpdateCheck = 1320;
				LastUpgradeCheck = 1320;
				TargetAttributes = {
					AA5CA0A2299BD35600984A9C = {
						CreatedOnToolsVersion = 13.2.1;
					};
				};
			};
			buildConfigurationList = AA5CA09E299BD35600984A9C /* Build configuration list for PBXProject "Panther" */;
			compatibilityVersion = "Xcode 13.0";
			developmentRegion = en;
			hasScannedForEncodings = 0;
			knownRegions = (
				en,
				Base,
			);
			mainGroup = AA5CA09A299BD35600984A9C;
			productRefGroup = AA5CA0A4299BD35600984A9C /* Products */;
			projectDirPath = "";
			projectRoot = "";
			targets = (
				AA5CA0A2299BD35600984A9C /* Panther */,
			);
		};
/* End PBXProject section */

/* Begin PBXResourcesBuildPhase section */
		AA5CA0A1299BD35600984A9C /* Resources */ = {
			isa = PBXResourcesBuildPhase;
			buildActionMask = 2147483647;
			files = (
				AA5CA0AE299BD35800984A9C /* Preview Assets.xcassets in Resources */,
				AA5CA0AB299BD35800984A9C /* Assets.xcassets in Resources */,
				AA5CA0B7299BDF7200984A9C /* locations.json in Resources */,
				AA5CA0B6299BDF7200984A9C /* tips.json in Resources */,
			);
			runOnlyForDeploymentPostprocessing = 0;
		};
/* End PBXResourcesBuildPhase section */

/* Begin PBXSourcesBuildPhase section */
		AA5CA09F299BD35600984A9C /* Sources */ = {
			isa = PBXSourcesBuildPhase;
			buildActionMask = 2147483647;
			files = (
				AA5CA0A9299BD35600984A9C /* ContentView.swift in Sources */,
				AA5CA0B9299CC52C00984A9C /* Location.swift in Sources */,
				AA5CA0BD29A1151200984A9C /* WorldView.swift in Sources */,
				AA5CA0BF29A2957500984A9C /* Tip.swift in Sources */,
				AA5CA0C129A2963900984A9C /* TipsView.swift in Sources */,
				AA5CA0BB299D983500984A9C /* Locations.swift in Sources */,
				AA5CA0A7299BD35600984A9C /* PantherApp.swift in Sources */,
			);
			runOnlyForDeploymentPostprocessing = 0;
		};
/* End PBXSourcesBuildPhase section */

/* Begin XCBuildConfiguration section */
		AA5CA0AF299BD35800984A9C /* Debug */ = {
			isa = XCBuildConfiguration;
			buildSettings = {
				ALWAYS_SEARCH_USER_PATHS = NO;
				CLANG_ANALYZER_NONNULL = YES;
				CLANG_ANALYZER_NUMBER_OBJECT_CONVERSION = YES_AGGRESSIVE;
				CLANG_CXX_LANGUAGE_STANDARD = "gnu++17";
				CLANG_CXX_LIBRARY = "libc++";
				CLANG_ENABLE_MODULES = YES;
				CLANG_ENABLE_OBJC_ARC = YES;
				CLANG_ENABLE_OBJC_WEAK = YES;
				CLANG_WARN_BLOCK_CAPTURE_AUTORELEASING = YES;
				CLANG_WARN_BOOL_CONVERSION = YES;
				CLANG_WARN_COMMA = YES;
				CLANG_WARN_CONSTANT_CONVERSION = YES;
				CLANG_WARN_DEPRECATED_OBJC_IMPLEMENTATIONS = YES;
				CLANG_WARN_DIRECT_OBJC_ISA_USAGE = YES_ERROR;
				CLANG_WARN_DOCUMENTATION_COMMENTS = YES;
				CLANG_WARN_EMPTY_BODY = YES;
				CLANG_WARN_ENUM_CONVERSION = YES;
				CLANG_WARN_INFINITE_RECURSION = YES;
				CLANG_WARN_INT_CONVERSION = YES;
				CLANG_WARN_NON_LITERAL_NULL_CONVERSION = YES;
				CLANG_WARN_OBJC_IMPLICIT_RETAIN_SELF = YES;
				CLANG_WARN_OBJC_LITERAL_CONVERSION = YES;
				CLANG_WARN_OBJC_ROOT_CLASS = YES_ERROR;
				CLANG_WARN_QUOTED_INCLUDE_IN_FRAMEWORK_HEADER = YES;
				CLANG_WARN_RANGE_LOOP_ANALYSIS = YES;
				CLANG_WARN_STRICT_PROTOTYPES = YES;
				CLANG_WARN_SUSPICIOUS_MOVE = YES;
				CLANG_WARN_UNGUARDED_AVAILABILITY = YES_AGGRESSIVE;
				CLANG_WARN_UNREACHABLE_CODE = YES;
				CLANG_WARN__DUPLICATE_METHOD_MATCH = YES;
				COPY_PHASE_STRIP = NO;
				DEBUG_INFORMATION_FORMAT = dwarf;
				ENABLE_STRICT_OBJC_MSGSEND = YES;
				ENABLE_TESTABILITY = YES;
				GCC_C_LANGUAGE_STANDARD = gnu11;
				GCC_DYNAMIC_NO_PIC = NO;
				GCC_NO_COMMON_BLOCKS = YES;
				GCC_OPTIMIZATION_LEVEL = 0;
				GCC_PREPROCESSOR_DEFINITIONS = (
					"DEBUG=1",
					"$(inherited)",
				);
				GCC_WARN_64_TO_32_BIT_CONVERSION = YES;
				GCC_WARN_ABOUT_RETURN_TYPE = YES_ERROR;
				GCC_WARN_UNDECLARED_SELECTOR = YES;
				GCC_WARN_UNINITIALIZED_AUTOS = YES_AGGRESSIVE;
				GCC_WARN_UNUSED_FUNCTION = YES;
				GCC_WARN_UNUSED_VARIABLE = YES;
				IPHONEOS_DEPLOYMENT_TARGET = 15.2;
				MTL_ENABLE_DEBUG_INFO = INCLUDE_SOURCE;
				MTL_FAST_MATH = YES;
				ONLY_ACTIVE_ARCH = YES;
				SDKROOT = iphoneos;
				SWIFT_ACTIVE_COMPILATION_CONDITIONS = DEBUG;
				SWIFT_OPTIMIZATION_LEVEL = "-Onone";
			};
			name = Debug;
		};
		AA5CA0B0299BD35800984A9C /* Release */ = {
			isa = XCBuildConfiguration;
			buildSettings = {
				ALWAYS_SEARCH_USER_PATHS = NO;
				CLANG_ANALYZER_NONNULL = YES;
				CLANG_ANALYZER_NUMBER_OBJECT_CONVERSION = YES_AGGRESSIVE;
				CLANG_CXX_LANGUAGE_STANDARD = "gnu++17";
				CLANG_CXX_LIBRARY = "libc++";
				CLANG_ENABLE_MODULES = YES;
				CLANG_ENABLE_OBJC_ARC = YES;
				CLANG_ENABLE_OBJC_WEAK = YES;
				CLANG_WARN_BLOCK_CAPTURE_AUTORELEASING = YES;
				CLANG_WARN_BOOL_CONVERSION = YES;
				CLANG_WARN_COMMA = YES;
				CLANG_WARN_CONSTANT_CONVERSION = YES;
				CLANG_WARN_DEPRECATED_OBJC_IMPLEMENTATIONS = YES;
				CLANG_WARN_DIRECT_OBJC_ISA_USAGE = YES_ERROR;
				CLANG_WARN_DOCUMENTATION_COMMENTS = YES;
				CLANG_WARN_EMPTY_BODY = YES;
				CLANG_WARN_ENUM_CONVERSION = YES;
				CLANG_WARN_INFINITE_RECURSION = YES;
				CLANG_WARN_INT_CONVERSION = YES;
				CLANG_WARN_NON_LITERAL_NULL_CONVERSION = YES;
				CLANG_WARN_OBJC_IMPLICIT_RETAIN_SELF = YES;
				CLANG_WARN_OBJC_LITERAL_CONVERSION = YES;
				CLANG_WARN_OBJC_ROOT_CLASS = YES_ERROR;
				CLANG_WARN_QUOTED_INCLUDE_IN_FRAMEWORK_HEADER = YES;
				CLANG_WARN_RANGE_LOOP_ANALYSIS = YES;
				CLANG_WARN_STRICT_PROTOTYPES = YES;
				CLANG_WARN_SUSPICIOUS_MOVE = YES;
				CLANG_WARN_UNGUARDED_AVAILABILITY = YES_AGGRESSIVE;
				CLANG_WARN_UNREACHABLE_CODE = YES;
				CLANG_WARN__DUPLICATE_METHOD_MATCH = YES;
				COPY_PHASE_STRIP = NO;
				DEBUG_INFORMATION_FORMAT = "dwarf-with-dsym";
				ENABLE_NS_ASSERTIONS = NO;
				ENABLE_STRICT_OBJC_MSGSEND = YES;
				GCC_C_LANGUAGE_STANDARD = gnu11;
				GCC_NO_COMMON_BLOCKS = YES;
				GCC_WARN_64_TO_32_BIT_CONVERSION = YES;
				GCC_WARN_ABOUT_RETURN_TYPE = YES_ERROR;
				GCC_WARN_UNDECLARED_SELECTOR = YES;
				GCC_WARN_UNINITIALIZED_AUTOS = YES_AGGRESSIVE;
				GCC_WARN_UNUSED_FUNCTION = YES;
				GCC_WARN_UNUSED_VARIABLE = YES;
				IPHONEOS_DEPLOYMENT_TARGET = 15.2;
				MTL_ENABLE_DEBUG_INFO = NO;
				MTL_FAST_MATH = YES;
				SDKROOT = iphoneos;
				SWIFT_COMPILATION_MODE = wholemodule;
				SWIFT_OPTIMIZATION_LEVEL = "-O";
				VALIDATE_PRODUCT = YES;
			};
			name = Release;
		};
		AA5CA0B2299BD35800984A9C /* Debug */ = {
			isa = XCBuildConfiguration;
			buildSettings = {
				ASSETCATALOG_COMPILER_APPICON_NAME = AppIcon;
				ASSETCATALOG_COMPILER_GLOBAL_ACCENT_COLOR_NAME = AccentColor;
				CODE_SIGN_STYLE = Automatic;
				CURRENT_PROJECT_VERSION = 1;
				DEVELOPMENT_ASSET_PATHS = "\"Panther/Preview Content\"";
				ENABLE_PREVIEWS = YES;
				GENERATE_INFOPLIST_FILE = YES;
				INFOPLIST_KEY_UIApplicationSceneManifest_Generation = YES;
				INFOPLIST_KEY_UIApplicationSupportsIndirectInputEvents = YES;
				INFOPLIST_KEY_UILaunchScreen_Generation = YES;
				INFOPLIST_KEY_UISupportedInterfaceOrientations_iPad = "UIInterfaceOrientationPortrait UIInterfaceOrientationPortraitUpsideDown UIInterfaceOrientationLandscapeLeft UIInterfaceOrientationLandscapeRight";
				INFOPLIST_KEY_UISupportedInterfaceOrientations_iPhone = "UIInterfaceOrientationPortrait UIInterfaceOrientationLandscapeLeft UIInterfaceOrientationLandscapeRight";
				LD_RUNPATH_SEARCH_PATHS = (
					"$(inherited)",
					"@executable_path/Frameworks",
				);
				MARKETING_VERSION = 1.0;
				PRODUCT_BUNDLE_IDENTIFIER = mangonando.Panther;
				PRODUCT_NAME = "$(TARGET_NAME)";
				SWIFT_EMIT_LOC_STRINGS = YES;
				SWIFT_VERSION = 5.0;
				TARGETED_DEVICE_FAMILY = "1,2";
			};
			name = Debug;
		};
		AA5CA0B3299BD35800984A9C /* Release */ = {
			isa = XCBuildConfiguration;
			buildSettings = {
				ASSETCATALOG_COMPILER_APPICON_NAME = AppIcon;
				ASSETCATALOG_COMPILER_GLOBAL_ACCENT_COLOR_NAME = AccentColor;
				CODE_SIGN_STYLE = Automatic;
				CURRENT_PROJECT_VERSION = 1;
				DEVELOPMENT_ASSET_PATHS = "\"Panther/Preview Content\"";
				ENABLE_PREVIEWS = YES;
				GENERATE_INFOPLIST_FILE = YES;
				INFOPLIST_KEY_UIApplicationSceneManifest_Generation = YES;
				INFOPLIST_KEY_UIApplicationSupportsIndirectInputEvents = YES;
				INFOPLIST_KEY_UILaunchScreen_Generation = YES;
				INFOPLIST_KEY_UISupportedInterfaceOrientations_iPad = "UIInterfaceOrientationPortrait UIInterfaceOrientationPortraitUpsideDown UIInterfaceOrientationLandscapeLeft UIInterfaceOrientationLandscapeRight";
				INFOPLIST_KEY_UISupportedInterfaceOrientations_iPhone = "UIInterfaceOrientationPortrait UIInterfaceOrientationLandscapeLeft UIInterfaceOrientationLandscapeRight";
				LD_RUNPATH_SEARCH_PATHS = (
					"$(inherited)",
					"@executable_path/Frameworks",
				);
				MARKETING_VERSION = 1.0;
				PRODUCT_BUNDLE_IDENTIFIER = mangonando.Panther;
				PRODUCT_NAME = "$(TARGET_NAME)";
				SWIFT_EMIT_LOC_STRINGS = YES;
				SWIFT_VERSION = 5.0;
				TARGETED_DEVICE_FAMILY = "1,2";
			};
			name = Release;
		};
/* End XCBuildConfiguration section */

/* Begin XCConfigurationList section */
		AA5CA09E299BD35600984A9C /* Build configuration list for PBXProject "Panther" */ = {
			isa = XCConfigurationList;
			buildConfigurations = (
				AA5CA0AF299BD35800984A9C /* Debug */,
				AA5CA0B0299BD35800984A9C /* Release */,
			);
			defaultConfigurationIsVisible = 0;
			defaultConfigurationName = Release;
		};
		AA5CA0B1299BD35800984A9C /* Build configuration list for PBXNativeTarget "Panther" */ = {
			isa = XCConfigurationList;
			buildConfigurations = (
				AA5CA0B2299BD35800984A9C /* Debug */,
				AA5CA0B3299BD35800984A9C /* Release */,
			);
			defaultConfigurationIsVisible = 0;
			defaultConfigurationName = Release;
		};
/* End XCConfigurationList section */
	};
	rootObject = AA5CA09B299BD35600984A9C /* Project object */;
}
